
Microsoft Visual Studio Solution File, Format Version 12.00
# Visual Studio Version 17
VisualStudioVersion = 17.5.33424.131
MinimumVisualStudioVersion = 10.0.40219.1
Project("{FAE04EC0-301F-11D3-BF4B-00C04F79EFBC}") = "Entities", "Entities\Entities.csproj", "{F99AD460-FBBF-46C2-AEE7-4EA808B21419}"
EndProject
Project("{FAE04EC0-301F-11D3-BF4B-00C04F79EFBC}") = "DataAccess", "DataAccess\DataAccess.csproj", "{35B4A046-C87B-4F5C-A9AA-B7F5E98E4CA5}"
EndProject
Project("{FAE04EC0-301F-11D3-BF4B-00C04F79EFBC}") = "Business", "Business\Business.csproj", "{A074D1DE-C1BC-4E02-BEB3-7FE5E3D5D34F}"
EndProject
Project("{FAE04EC0-301F-11D3-BF4B-00C04F79EFBC}") = "ConsoleUI", "ConsoleUI\ConsoleUI.csproj", "{BC2994F7-857E-4501-964A-EFF50F7E0CEB}"
EndProject
Global
	GlobalSection(SolutionConfigurationPlatforms) = preSolution
		Debug|Any CPU = Debug|Any CPU
		Release|Any CPU = Release|Any CPU
	EndGlobalSection
	GlobalSection(ProjectConfigurationPlatforms) = postSolution
		{F99AD460-FBBF-46C2-AEE7-4EA808B21419}.Debug|Any CPU.ActiveCfg = Release|Any CPU
		{F99AD460-FBBF-46C2-AEE7-4EA808B21419}.Debug|Any CPU.Build.0 = Release|Any CPU
		{F99AD460-FBBF-46C2-AEE7-4EA808B21419}.Release|Any CPU.ActiveCfg = Release|Any CPU
		{F99AD460-FBBF-46C2-AEE7-4EA808B21419}.Release|Any CPU.Build.0 = Release|Any CPU
		{35B4A046-C87B-4F5C-A9AA-B7F5E98E4CA5}.Debug|Any CPU.ActiveCfg = Release|Any CPU
		{35B4A046-C87B-4F5C-A9AA-B7F5E98E4CA5}.Debug|Any CPU.Build.0 = Release|Any CPU
		{35B4A046-C87B-4F5C-A9AA-B7F5E98E4CA5}.Release|Any CPU.ActiveCfg = Release|Any CPU
		{35B4A046-C87B-4F5C-A9AA-B7F5E98E4CA5}.Release|Any CPU.Build.0 = Release|Any CPU
		{A074D1DE-C1BC-4E02-BEB3-7FE5E3D5D34F}.Debug|Any CPU.ActiveCfg = Release|Any CPU
		{A074D1DE-C1BC-4E02-BEB3-7FE5E3D5D34F}.Debug|Any CPU.Build.0 = Release|Any CPU
		{A074D1DE-C1BC-4E02-BEB3-7FE5E3D5D34F}.Release|Any CPU.ActiveCfg = Release|Any CPU
		{A074D1DE-C1BC-4E02-BEB3-7FE5E3D5D34F}.Release|Any CPU.Build.0 = Release|Any CPU
		{BC2994F7-857E-4501-964A-EFF50F7E0CEB}.Debug|Any CPU.ActiveCfg = Release|Any CPU
		{BC2994F7-857E-4501-964A-EFF50F7E0CEB}.Debug|Any CPU.Build.0 = Release|Any CPU
		{BC2994F7-857E-4501-964A-EFF50F7E0CEB}.Release|Any CPU.ActiveCfg = Release|Any CPU
		{BC2994F7-857E-4501-964A-EFF50F7E0CEB}.Release|Any CPU.Build.0 = Release|Any CPU
	EndGlobalSection
	GlobalSection(SolutionProperties) = preSolution
		HideSolutionNode = FALSE
	EndGlobalSection
	GlobalSection(ExtensibilityGlobals) = postSolution
		SolutionGuid = {B76316B9-C3F8-466C-8D06-3D29DC7D7807}
	EndGlobalSection
EndGlobal
